
Microsoft Visual Studio Solution File, Format Version 12.00
# Visual Studio Version 17
VisualStudioVersion = 17.8.34330.188
MinimumVisualStudioVersion = 10.0.40219.1
Project("{FAE04EC0-301F-11D3-BF4B-00C04F79EFBC}") = "weather", "weather\weather.csproj", "{F4403855-B109-4830-858F-C6FB91E85CDC}"
EndProject
Global
	GlobalSection(SolutionConfigurationPlatforms) = preSolution
		Debug|Any CPU = Debug|Any CPU
		Release|Any CPU = Release|Any CPU
	EndGlobalSection
	GlobalSection(ProjectConfigurationPlatforms) = postSolution
		{F4403855-B109-4830-858F-C6FB91E85CDC}.Debug|Any CPU.ActiveCfg = Debug|Any CPU
		{F4403855-B109-4830-858F-C6FB91E85CDC}.Debug|Any CPU.Build.0 = Debug|Any CPU
		{F4403855-B109-4830-858F-C6FB91E85CDC}.Release|Any CPU.ActiveCfg = Release|Any CPU
		{F4403855-B109-4830-858F-C6FB91E85CDC}.Release|Any CPU.Build.0 = Release|Any CPU
	EndGlobalSection
	GlobalSection(SolutionProperties) = preSolution
		HideSolutionNode = FALSE
	EndGlobalSection
	GlobalSection(ExtensibilityGlobals) = postSolution
		SolutionGuid = {BF03022A-9AF1-4068-A9B7-FCE35F9BB408}
	EndGlobalSection
EndGlobal
